{
    "_readme": [
        "This file locks the dependencies of your project to a known state",
        "Read more about it at https://getcomposer.org/doc/01-basic-usage.md#composer-lock-the-lock-file",
        "This file is @generated automatically"
    ],
    "content-hash": "8656e9bbe5eb09f0135a7b746c46152c",
    "packages": [
        {
            "name": "gap/dto",
            "version": "v1.0.4",
            "source": {
                "type": "git",
                "url": "https://github.com/gaptree/gap-php-dto.git",
                "reference": "7bf926594b7f79a0781bf3f388bbe454066f600f"
            },
            "dist": {
                "type": "zip",
                "url": "https://api.github.com/repos/gaptree/gap-php-dto/zipball/7bf926594b7f79a0781bf3f388bbe454066f600f",
                "reference": "7bf926594b7f79a0781bf3f388bbe454066f600f",
                "shasum": ""
            },
            "require": {
                "php": ">=7.1.0"
            },
            "type": "library",
            "autoload": {
                "psr-4": {
                    "Gap\\Dto\\": "src"
                }
            },
            "notification-url": "https://packagist.org/downloads/",
            "license": [
                "MIT"
            ],
            "authors": [
                {
                    "name": "zhanjh",
                    "email": "zhanjh@126.com"
                }
            ],
            "description": "Gap Dto",
            "homepage": "https://project.tecposter.cn/diffusion/75/",
            "keywords": [
                "dto",
                "gap"
            ],
            "time": "2018-03-16T06:30:16+00:00"
        }
    ],
    "packages-dev": [],
    "aliases": [],
    "minimum-stability": "stable",
    "stability-flags": [],
    "prefer-stable": false,
    "prefer-lowest": false,
    "platform": {
        "php": ">=7.1.0"
    },
    "platform-dev": []
}
