{
    "_readme": [
        "This file locks the dependencies of your project to a known state",
        "Read more about it at https://getcomposer.org/doc/01-basic-usage.md#composer-lock-the-lock-file",
        "This file is @generated automatically"
    ],
    "content-hash": "8656e9bbe5eb09f0135a7b746c46152c",
    "packages": [
        {
            "name": "gap/dto",
            "version": "1.0.0",
            "source": {
                "type": "git",
                "url": "https://project.tecposter.cn/diffusion/75/gap-php-dto.git",
                "reference": "b52e3e03fc221f4f68d619a6840eafc632d7a61b"
            },
            "require": {
                "php": ">=7.1.0"
            },
            "type": "library",
            "autoload": {
                "psr-4": {
                    "Gap\\Dto\\": "src"
                }
            },
            "notification-url": "https://packagist.org/downloads/",
            "license": [
                "MIT"
            ],
            "authors": [
                {
                    "name": "zhanjh",
                    "email": "zhanjh@126.com"
                }
            ],
            "description": "Gap Dto",
            "homepage": "https://project.tecposter.cn/diffusion/75/",
            "keywords": [
                "dto",
                "gap"
            ],
            "time": "2017-12-25T09:34:39+00:00"
        }
    ],
    "packages-dev": [],
    "aliases": [],
    "minimum-stability": "stable",
    "stability-flags": [],
    "prefer-stable": false,
    "prefer-lowest": false,
    "platform": {
        "php": ">=7.1.0"
    },
    "platform-dev": []
}
